
Microsoft Visual Studio Solution File, Format Version 12.00
# Visual Studio Version 17
VisualStudioVersion = 17.10.35122.118
MinimumVisualStudioVersion = 10.0.40219.1
Project("{FAE04EC0-301F-11D3-BF4B-00C04F79EFBC}") = "ASPLesson", "ASPLesson\ASPLesson.csproj", "{2FFFA74C-E322-4721-B7B2-7C69E04326C0}"
EndProject
Global
	GlobalSection(SolutionConfigurationPlatforms) = preSolution
		Debug|Any CPU = Debug|Any CPU
		Release|Any CPU = Release|Any CPU
	EndGlobalSection
	GlobalSection(ProjectConfigurationPlatforms) = postSolution
		{2FFFA74C-E322-4721-B7B2-7C69E04326C0}.Debug|Any CPU.ActiveCfg = Debug|Any CPU
		{2FFFA74C-E322-4721-B7B2-7C69E04326C0}.Debug|Any CPU.Build.0 = Debug|Any CPU
		{2FFFA74C-E322-4721-B7B2-7C69E04326C0}.Release|Any CPU.ActiveCfg = Release|Any CPU
		{2FFFA74C-E322-4721-B7B2-7C69E04326C0}.Release|Any CPU.Build.0 = Release|Any CPU
	EndGlobalSection
	GlobalSection(SolutionProperties) = preSolution
		HideSolutionNode = FALSE
	EndGlobalSection
	GlobalSection(ExtensibilityGlobals) = postSolution
		SolutionGuid = {F494BBC8-B4DB-40D6-B287-D1FD4F63114F}
	EndGlobalSection
EndGlobal
